
Microsoft Visual Studio Solution File, Format Version 12.00
# Visual Studio Version 17
VisualStudioVersion = 17.4.33110.190
MinimumVisualStudioVersion = 10.0.40219.1
Project("{FAE04EC0-301F-11D3-BF4B-00C04F79EFBC}") = "BE.U1-W1-D4.OOP_III", "BE.U1-W1-D3.OOP_III\BE.U1-W1-D4.OOP_III.csproj", "{26219CB5-7A17-4F50-A913-D8B377AF1510}"
EndProject
Global
	GlobalSection(SolutionConfigurationPlatforms) = preSolution
		Debug|Any CPU = Debug|Any CPU
		Release|Any CPU = Release|Any CPU
	EndGlobalSection
	GlobalSection(ProjectConfigurationPlatforms) = postSolution
		{26219CB5-7A17-4F50-A913-D8B377AF1510}.Debug|Any CPU.ActiveCfg = Debug|Any CPU
		{26219CB5-7A17-4F50-A913-D8B377AF1510}.Debug|Any CPU.Build.0 = Debug|Any CPU
		{26219CB5-7A17-4F50-A913-D8B377AF1510}.Release|Any CPU.ActiveCfg = Release|Any CPU
		{26219CB5-7A17-4F50-A913-D8B377AF1510}.Release|Any CPU.Build.0 = Release|Any CPU
	EndGlobalSection
	GlobalSection(SolutionProperties) = preSolution
		HideSolutionNode = FALSE
	EndGlobalSection
	GlobalSection(ExtensibilityGlobals) = postSolution
		SolutionGuid = {6181B511-D5F6-4BBB-9303-3367CBA2D477}
	EndGlobalSection
EndGlobal
